
Microsoft Visual Studio Solution File, Format Version 12.00
# Visual Studio Version 16
VisualStudioVersion = 16.0.31424.327
MinimumVisualStudioVersion = 10.0.40219.1
Project("{FAE04EC0-301F-11D3-BF4B-00C04F79EFBC}") = "FirstTask", "FirstTask.csproj", "{581730A7-02FD-43B2-AEA8-342DD7BB3722}"
EndProject
Global
	GlobalSection(SolutionConfigurationPlatforms) = preSolution
		Debug|Any CPU = Debug|Any CPU
		Release|Any CPU = Release|Any CPU
	EndGlobalSection
	GlobalSection(ProjectConfigurationPlatforms) = postSolution
		{581730A7-02FD-43B2-AEA8-342DD7BB3722}.Debug|Any CPU.ActiveCfg = Debug|Any CPU
		{581730A7-02FD-43B2-AEA8-342DD7BB3722}.Debug|Any CPU.Build.0 = Debug|Any CPU
		{581730A7-02FD-43B2-AEA8-342DD7BB3722}.Release|Any CPU.ActiveCfg = Release|Any CPU
		{581730A7-02FD-43B2-AEA8-342DD7BB3722}.Release|Any CPU.Build.0 = Release|Any CPU
	EndGlobalSection
	GlobalSection(SolutionProperties) = preSolution
		HideSolutionNode = FALSE
	EndGlobalSection
	GlobalSection(ExtensibilityGlobals) = postSolution
		SolutionGuid = {E2147FF9-687B-40FF-AFF4-BEC99B3BE4BE}
	EndGlobalSection
EndGlobal
